
Microsoft Visual Studio Solution File, Format Version 12.00
# Visual Studio Version 17
VisualStudioVersion = 17.5.33530.505
MinimumVisualStudioVersion = 10.0.40219.1
Project("{FAE04EC0-301F-11D3-BF4B-00C04F79EFBC}") = "ECommerceProj", "ECommerceProj.csproj", "{761BCA0E-29B1-4B84-9F00-B8D3F2C7009B}"
EndProject
Global
	GlobalSection(SolutionConfigurationPlatforms) = preSolution
		Debug|Any CPU = Debug|Any CPU
		Release|Any CPU = Release|Any CPU
	EndGlobalSection
	GlobalSection(ProjectConfigurationPlatforms) = postSolution
		{761BCA0E-29B1-4B84-9F00-B8D3F2C7009B}.Debug|Any CPU.ActiveCfg = Debug|Any CPU
		{761BCA0E-29B1-4B84-9F00-B8D3F2C7009B}.Debug|Any CPU.Build.0 = Debug|Any CPU
		{761BCA0E-29B1-4B84-9F00-B8D3F2C7009B}.Release|Any CPU.ActiveCfg = Release|Any CPU
		{761BCA0E-29B1-4B84-9F00-B8D3F2C7009B}.Release|Any CPU.Build.0 = Release|Any CPU
	EndGlobalSection
	GlobalSection(SolutionProperties) = preSolution
		HideSolutionNode = FALSE
	EndGlobalSection
	GlobalSection(ExtensibilityGlobals) = postSolution
		SolutionGuid = {0BEA9C8B-327E-4F3C-AB8F-9676113A43E4}
	EndGlobalSection
EndGlobal
